
Microsoft Visual Studio Solution File, Format Version 12.00
# Visual Studio Version 17
VisualStudioVersion = 17.8.34322.80
MinimumVisualStudioVersion = 10.0.40219.1
Project("{FAE04EC0-301F-11D3-BF4B-00C04F79EFBC}") = "ListVsDictionary", "ListVsDictionary\ListVsDictionary.csproj", "{F3055FD2-B26B-4400-96D0-C9765F67A7AC}"
EndProject
Global
	GlobalSection(SolutionConfigurationPlatforms) = preSolution
		Debug|Any CPU = Debug|Any CPU
		Release|Any CPU = Release|Any CPU
	EndGlobalSection
	GlobalSection(ProjectConfigurationPlatforms) = postSolution
		{F3055FD2-B26B-4400-96D0-C9765F67A7AC}.Debug|Any CPU.ActiveCfg = Debug|Any CPU
		{F3055FD2-B26B-4400-96D0-C9765F67A7AC}.Debug|Any CPU.Build.0 = Debug|Any CPU
		{F3055FD2-B26B-4400-96D0-C9765F67A7AC}.Release|Any CPU.ActiveCfg = Release|Any CPU
		{F3055FD2-B26B-4400-96D0-C9765F67A7AC}.Release|Any CPU.Build.0 = Release|Any CPU
	EndGlobalSection
	GlobalSection(SolutionProperties) = preSolution
		HideSolutionNode = FALSE
	EndGlobalSection
	GlobalSection(ExtensibilityGlobals) = postSolution
		SolutionGuid = {DD6F2053-BCFF-4DF1-8B15-0990569AED8F}
	EndGlobalSection
EndGlobal
